// !$*UTF8*$!
{
	archiveVersion = 1;
	classes = {
	};
	objectVersion = 50;
	objects = {

/* Begin PBXBuildFile section */
		0A1366C526ACA696004918B5 /* Aspen.json in Resources */ = {isa = PBXBuildFile; fileRef = 0A1366B726ACA694004918B5 /* Aspen.json */; };
		0A1366C626ACA696004918B5 /* Philadelphia.json in Resources */ = {isa = PBXBuildFile; fileRef = 0A1366B826ACA694004918B5 /* Philadelphia.json */; };
		0A1366C726ACA696004918B5 /* New York.json in Resources */ = {isa = PBXBuildFile; fileRef = 0A1366B926ACA695004918B5 /* New York.json */; };
		0A1366C826ACA696004918B5 /* Charleston.json in Resources */ = {isa = PBXBuildFile; fileRef = 0A1366BA26ACA695004918B5 /* Charleston.json */; };
		0A1366C926ACA696004918B5 /* Las Vegas.json in Resources */ = {isa = PBXBuildFile; fileRef = 0A1366BB26ACA695004918B5 /* Las Vegas.json */; };
		0A1366CA26ACA696004918B5 /* Chicago.json in Resources */ = {isa = PBXBuildFile; fileRef = 0A1366BC26ACA695004918B5 /* Chicago.json */; };
		0A1366CB26ACA696004918B5 /* Houston.json in Resources */ = {isa = PBXBuildFile; fileRef = 0A1366BD26ACA695004918B5 /* Houston.json */; };
		0A1366CC26ACA696004918B5 /* New Orleans.json in Resources */ = {isa = PBXBuildFile; fileRef = 0A1366BE26ACA695004918B5 /* New Orleans.json */; };
		0A1366CD26ACA696004918B5 /* Los Angeles.json in Resources */ = {isa = PBXBuildFile; fileRef = 0A1366BF26ACA695004918B5 /* Los Angeles.json */; };
		0A1366CE26ACA696004918B5 /* San Francisco.json in Resources */ = {isa = PBXBuildFile; fileRef = 0A1366C026ACA695004918B5 /* San Francisco.json */; };
		0A1366CF26ACA696004918B5 /* Miami.json in Resources */ = {isa = PBXBuildFile; fileRef = 0A1366C126ACA696004918B5 /* Miami.json */; };
		0A1366D026ACA696004918B5 /* Boston.json in Resources */ = {isa = PBXBuildFile; fileRef = 0A1366C226ACA696004918B5 /* Boston.json */; };
		0A1366D126ACA696004918B5 /* Portland.json in Resources */ = {isa = PBXBuildFile; fileRef = 0A1366C326ACA696004918B5 /* Portland.json */; };
		0A1366D226ACA696004918B5 /* San Antonio.json in Resources */ = {isa = PBXBuildFile; fileRef = 0A1366C426ACA696004918B5 /* San Antonio.json */; };
		0A1366D526ACA8D2004918B5 /* RestaurantDataManager.swift in Sources */ = {isa = PBXBuildFile; fileRef = 0A1366D426ACA8D2004918B5 /* RestaurantDataManager.swift */; };
		0A3B5E0126AB09B200D66978 /* MapLocations.plist in Resources */ = {isa = PBXBuildFile; fileRef = 0A3B5E0026AB09B200D66978 /* MapLocations.plist */; };
		0A3B5E0326AB09EA00D66978 /* RestaurantItem.swift in Sources */ = {isa = PBXBuildFile; fileRef = 0A3B5E0226AB09EA00D66978 /* RestaurantItem.swift */; };
		0A3B5E0526AB289C00D66978 /* MapDataManager.swift in Sources */ = {isa = PBXBuildFile; fileRef = 0A3B5E0426AB289C00D66978 /* MapDataManager.swift */; };
		0A3B5E0826AB2C6F00D66978 /* DataManager.swift in Sources */ = {isa = PBXBuildFile; fileRef = 0A3B5E0726AB2C6F00D66978 /* DataManager.swift */; };
		0A3B5E0A26AB2FA600D66978 /* MapViewController.swift in Sources */ = {isa = PBXBuildFile; fileRef = 0A3B5E0926AB2FA600D66978 /* MapViewController.swift */; };
		0A3B5E0F26AB4EA200D66978 /* RestaurantDetail.storyboard in Resources */ = {isa = PBXBuildFile; fileRef = 0A3B5E0E26AB4EA200D66978 /* RestaurantDetail.storyboard */; };
		0A3B5E1126AB4EC100D66978 /* PhotoFilter.storyboard in Resources */ = {isa = PBXBuildFile; fileRef = 0A3B5E1026AB4EC100D66978 /* PhotoFilter.storyboard */; };
		0A3B5E1326AB4ECD00D66978 /* ReviewForm.storyboard in Resources */ = {isa = PBXBuildFile; fileRef = 0A3B5E1226AB4ECD00D66978 /* ReviewForm.storyboard */; };
		0A3B5E1526AB4F3500D66978 /* Segue.swift in Sources */ = {isa = PBXBuildFile; fileRef = 0A3B5E1426AB4F3500D66978 /* Segue.swift */; };
		0A3B5E1726AB508500D66978 /* RestaurantDetailViewController.swift in Sources */ = {isa = PBXBuildFile; fileRef = 0A3B5E1626AB508500D66978 /* RestaurantDetailViewController.swift */; };
		0A544E3026A81BD500EB50F8 /* AppDelegate.swift in Sources */ = {isa = PBXBuildFile; fileRef = 0A544E2F26A81BD500EB50F8 /* AppDelegate.swift */; };
		0A544E3226A81BD500EB50F8 /* SceneDelegate.swift in Sources */ = {isa = PBXBuildFile; fileRef = 0A544E3126A81BD500EB50F8 /* SceneDelegate.swift */; };
		0A544E4426A81C4700EB50F8 /* Main.storyboard in Resources */ = {isa = PBXBuildFile; fileRef = 0A544E4326A81C4700EB50F8 /* Main.storyboard */; };
		0A544E4626A81CB000EB50F8 /* Assets.xcassets in Resources */ = {isa = PBXBuildFile; fileRef = 0A544E4526A81CB000EB50F8 /* Assets.xcassets */; };
		0A544E4826A81CF400EB50F8 /* LaunchScreen.storyboard in Resources */ = {isa = PBXBuildFile; fileRef = 0A544E4726A81CF400EB50F8 /* LaunchScreen.storyboard */; };
		0A544E4B26A81FCD00EB50F8 /* ExploreViewController.swift in Sources */ = {isa = PBXBuildFile; fileRef = 0A544E4A26A81FCD00EB50F8 /* ExploreViewController.swift */; };
		0A544E4E26A8359300EB50F8 /* RestaurantListViewController.swift in Sources */ = {isa = PBXBuildFile; fileRef = 0A544E4D26A8359300EB50F8 /* RestaurantListViewController.swift */; };
		0A544E5126A8536500EB50F8 /* ExploreData.plist in Resources */ = {isa = PBXBuildFile; fileRef = 0A544E5026A8536500EB50F8 /* ExploreData.plist */; };
		0A544E5326A853EF00EB50F8 /* ExploreItem.swift in Sources */ = {isa = PBXBuildFile; fileRef = 0A544E5226A853EF00EB50F8 /* ExploreItem.swift */; };
		0A544E5526A85A2400EB50F8 /* ExploreDataManager.swift in Sources */ = {isa = PBXBuildFile; fileRef = 0A544E5426A85A2400EB50F8 /* ExploreDataManager.swift */; };
		0A544E5826A85E6200EB50F8 /* ExploreCell.swift in Sources */ = {isa = PBXBuildFile; fileRef = 0A544E5726A85E6200EB50F8 /* ExploreCell.swift */; };
		0A544E5D26A8827300EB50F8 /* LocationViewController.swift in Sources */ = {isa = PBXBuildFile; fileRef = 0A544E5C26A8827300EB50F8 /* LocationViewController.swift */; };
		0A544E6126A8852000EB50F8 /* Locations.plist in Resources */ = {isa = PBXBuildFile; fileRef = 0A544E6026A8852000EB50F8 /* Locations.plist */; };
		0A544E6326A8856000EB50F8 /* LocationDataManager.swift in Sources */ = {isa = PBXBuildFile; fileRef = 0A544E6226A8856000EB50F8 /* LocationDataManager.swift */; };
/* End PBXBuildFile section */

/* Begin PBXFileReference section */
		0A1366B726ACA694004918B5 /* Aspen.json */ = {isa = PBXFileReference; fileEncoding = 4; lastKnownFileType = text.json; path = Aspen.json; sourceTree = "<group>"; };
		0A1366B826ACA694004918B5 /* Philadelphia.json */ = {isa = PBXFileReference; fileEncoding = 4; lastKnownFileType = text.json; path = Philadelphia.json; sourceTree = "<group>"; };
		0A1366B926ACA695004918B5 /* New York.json */ = {isa = PBXFileReference; fileEncoding = 4; lastKnownFileType = text.json; path = "New York.json"; sourceTree = "<group>"; };
		0A1366BA26ACA695004918B5 /* Charleston.json */ = {isa = PBXFileReference; fileEncoding = 4; lastKnownFileType = text.json; path = Charleston.json; sourceTree = "<group>"; };
		0A1366BB26ACA695004918B5 /* Las Vegas.json */ = {isa = PBXFileReference; fileEncoding = 4; lastKnownFileType = text.json; path = "Las Vegas.json"; sourceTree = "<group>"; };
		0A1366BC26ACA695004918B5 /* Chicago.json */ = {isa = PBXFileReference; fileEncoding = 4; lastKnownFileType = text.json; path = Chicago.json; sourceTree = "<group>"; };
		0A1366BD26ACA695004918B5 /* Houston.json */ = {isa = PBXFileReference; fileEncoding = 4; lastKnownFileType = text.json; path = Houston.json; sourceTree = "<group>"; };
		0A1366BE26ACA695004918B5 /* New Orleans.json */ = {isa = PBXFileReference; fileEncoding = 4; lastKnownFileType = text.json; path = "New Orleans.json"; sourceTree = "<group>"; };
		0A1366BF26ACA695004918B5 /* Los Angeles.json */ = {isa = PBXFileReference; fileEncoding = 4; lastKnownFileType = text.json; path = "Los Angeles.json"; sourceTree = "<group>"; };
		0A1366C026ACA695004918B5 /* San Francisco.json */ = {isa = PBXFileReference; fileEncoding = 4; lastKnownFileType = text.json; path = "San Francisco.json"; sourceTree = "<group>"; };
		0A1366C126ACA696004918B5 /* Miami.json */ = {isa = PBXFileReference; fileEncoding = 4; lastKnownFileType = text.json; path = Miami.json; sourceTree = "<group>"; };
		0A1366C226ACA696004918B5 /* Boston.json */ = {isa = PBXFileReference; fileEncoding = 4; lastKnownFileType = text.json; path = Boston.json; sourceTree = "<group>"; };
		0A1366C326ACA696004918B5 /* Portland.json */ = {isa = PBXFileReference; fileEncoding = 4; lastKnownFileType = text.json; path = Portland.json; sourceTree = "<group>"; };
		0A1366C426ACA696004918B5 /* San Antonio.json */ = {isa = PBXFileReference; fileEncoding = 4; lastKnownFileType = text.json; path = "San Antonio.json"; sourceTree = "<group>"; };
		0A1366D426ACA8D2004918B5 /* RestaurantDataManager.swift */ = {isa = PBXFileReference; lastKnownFileType = sourcecode.swift; path = RestaurantDataManager.swift; sourceTree = "<group>"; };
		0A3B5E0026AB09B200D66978 /* MapLocations.plist */ = {isa = PBXFileReference; fileEncoding = 4; lastKnownFileType = text.plist.xml; path = MapLocations.plist; sourceTree = "<group>"; };
		0A3B5E0226AB09EA00D66978 /* RestaurantItem.swift */ = {isa = PBXFileReference; lastKnownFileType = sourcecode.swift; path = RestaurantItem.swift; sourceTree = "<group>"; };
		0A3B5E0426AB289C00D66978 /* MapDataManager.swift */ = {isa = PBXFileReference; lastKnownFileType = sourcecode.swift; path = MapDataManager.swift; sourceTree = "<group>"; };
		0A3B5E0726AB2C6F00D66978 /* DataManager.swift */ = {isa = PBXFileReference; lastKnownFileType = sourcecode.swift; path = DataManager.swift; sourceTree = "<group>"; };
		0A3B5E0926AB2FA600D66978 /* MapViewController.swift */ = {isa = PBXFileReference; lastKnownFileType = sourcecode.swift; path = MapViewController.swift; sourceTree = "<group>"; };
		0A3B5E0E26AB4EA200D66978 /* RestaurantDetail.storyboard */ = {isa = PBXFileReference; fileEncoding = 4; lastKnownFileType = file.storyboard; path = RestaurantDetail.storyboard; sourceTree = "<group>"; };
		0A3B5E1026AB4EC100D66978 /* PhotoFilter.storyboard */ = {isa = PBXFileReference; fileEncoding = 4; lastKnownFileType = file.storyboard; path = PhotoFilter.storyboard; sourceTree = "<group>"; };
		0A3B5E1226AB4ECD00D66978 /* ReviewForm.storyboard */ = {isa = PBXFileReference; fileEncoding = 4; lastKnownFileType = file.storyboard; path = ReviewForm.storyboard; sourceTree = "<group>"; };
		0A3B5E1426AB4F3500D66978 /* Segue.swift */ = {isa = PBXFileReference; lastKnownFileType = sourcecode.swift; path = Segue.swift; sourceTree = "<group>"; };
		0A3B5E1626AB508500D66978 /* RestaurantDetailViewController.swift */ = {isa = PBXFileReference; lastKnownFileType = sourcecode.swift; path = RestaurantDetailViewController.swift; sourceTree = "<group>"; };
		0A544E2C26A81BD500EB50F8 /* LetsEat.app */ = {isa = PBXFileReference; explicitFileType = wrapper.application; includeInIndex = 0; path = LetsEat.app; sourceTree = BUILT_PRODUCTS_DIR; };
		0A544E2F26A81BD500EB50F8 /* AppDelegate.swift */ = {isa = PBXFileReference; lastKnownFileType = sourcecode.swift; path = AppDelegate.swift; sourceTree = "<group>"; };
		0A544E3126A81BD500EB50F8 /* SceneDelegate.swift */ = {isa = PBXFileReference; lastKnownFileType = sourcecode.swift; path = SceneDelegate.swift; sourceTree = "<group>"; };
		0A544E3D26A81BD600EB50F8 /* Info.plist */ = {isa = PBXFileReference; lastKnownFileType = text.plist.xml; path = Info.plist; sourceTree = "<group>"; };
		0A544E4326A81C4700EB50F8 /* Main.storyboard */ = {isa = PBXFileReference; fileEncoding = 4; lastKnownFileType = file.storyboard; path = Main.storyboard; sourceTree = "<group>"; };
		0A544E4526A81CB000EB50F8 /* Assets.xcassets */ = {isa = PBXFileReference; lastKnownFileType = folder.assetcatalog; path = Assets.xcassets; sourceTree = "<group>"; };
		0A544E4726A81CF400EB50F8 /* LaunchScreen.storyboard */ = {isa = PBXFileReference; fileEncoding = 4; lastKnownFileType = file.storyboard; path = LaunchScreen.storyboard; sourceTree = "<group>"; };
		0A544E4A26A81FCD00EB50F8 /* ExploreViewController.swift */ = {isa = PBXFileReference; lastKnownFileType = sourcecode.swift; path = ExploreViewController.swift; sourceTree = "<group>"; };
		0A544E4D26A8359300EB50F8 /* RestaurantListViewController.swift */ = {isa = PBXFileReference; lastKnownFileType = sourcecode.swift; path = RestaurantListViewController.swift; sourceTree = "<group>"; };
		0A544E5026A8536500EB50F8 /* ExploreData.plist */ = {isa = PBXFileReference; fileEncoding = 4; lastKnownFileType = text.plist.xml; path = ExploreData.plist; sourceTree = "<group>"; };
		0A544E5226A853EF00EB50F8 /* ExploreItem.swift */ = {isa = PBXFileReference; lastKnownFileType = sourcecode.swift; path = ExploreItem.swift; sourceTree = "<group>"; };
		0A544E5426A85A2400EB50F8 /* ExploreDataManager.swift */ = {isa = PBXFileReference; lastKnownFileType = sourcecode.swift; path = ExploreDataManager.swift; sourceTree = "<group>"; };
		0A544E5726A85E6200EB50F8 /* ExploreCell.swift */ = {isa = PBXFileReference; lastKnownFileType = sourcecode.swift; path = ExploreCell.swift; sourceTree = "<group>"; };
		0A544E5C26A8827300EB50F8 /* LocationViewController.swift */ = {isa = PBXFileReference; lastKnownFileType = sourcecode.swift; path = LocationViewController.swift; sourceTree = "<group>"; };
		0A544E6026A8852000EB50F8 /* Locations.plist */ = {isa = PBXFileReference; fileEncoding = 4; lastKnownFileType = text.plist.xml; path = Locations.plist; sourceTree = "<group>"; };
		0A544E6226A8856000EB50F8 /* LocationDataManager.swift */ = {isa = PBXFileReference; lastKnownFileType = sourcecode.swift; path = LocationDataManager.swift; sourceTree = "<group>"; };
/* End PBXFileReference section */

/* Begin PBXFrameworksBuildPhase section */
		0A544E2926A81BD500EB50F8 /* Frameworks */ = {
			isa = PBXFrameworksBuildPhase;
			buildActionMask = 2147483647;
			files = (
			);
			runOnlyForDeploymentPostprocessing = 0;
		};
/* End PBXFrameworksBuildPhase section */

/* Begin PBXGroup section */
		0A1366B626ACA650004918B5 /* JSON */ = {
			isa = PBXGroup;
			children = (
				0A1366B726ACA694004918B5 /* Aspen.json */,
				0A1366C226ACA696004918B5 /* Boston.json */,
				0A1366BA26ACA695004918B5 /* Charleston.json */,
				0A1366BC26ACA695004918B5 /* Chicago.json */,
				0A1366BD26ACA695004918B5 /* Houston.json */,
				0A1366BB26ACA695004918B5 /* Las Vegas.json */,
				0A1366BF26ACA695004918B5 /* Los Angeles.json */,
				0A1366C126ACA696004918B5 /* Miami.json */,
				0A1366BE26ACA695004918B5 /* New Orleans.json */,
				0A1366B926ACA695004918B5 /* New York.json */,
				0A1366B826ACA694004918B5 /* Philadelphia.json */,
				0A1366C326ACA696004918B5 /* Portland.json */,
				0A1366C426ACA696004918B5 /* San Antonio.json */,
				0A1366C026ACA695004918B5 /* San Francisco.json */,
			);
			path = JSON;
			sourceTree = "<group>";
		};
		0A1366D326ACA8AE004918B5 /* Model */ = {
			isa = PBXGroup;
			children = (
				0A1366D426ACA8D2004918B5 /* RestaurantDataManager.swift */,
			);
			path = Model;
			sourceTree = "<group>";
		};
		0A3B5DFE26AB090400D66978 /* Map */ = {
			isa = PBXGroup;
			children = (
				0A3B5DFF26AB090900D66978 /* Model */,
				0A3B5E0926AB2FA600D66978 /* MapViewController.swift */,
			);
			path = Map;
			sourceTree = "<group>";
		};
		0A3B5DFF26AB090900D66978 /* Model */ = {
			isa = PBXGroup;
			children = (
				0A3B5E0026AB09B200D66978 /* MapLocations.plist */,
				0A3B5E0226AB09EA00D66978 /* RestaurantItem.swift */,
				0A3B5E0426AB289C00D66978 /* MapDataManager.swift */,
			);
			path = Model;
			sourceTree = "<group>";
		};
		0A3B5E0626AB2C5D00D66978 /* Misc */ = {
			isa = PBXGroup;
			children = (
				0A1366B626ACA650004918B5 /* JSON */,
				0A3B5E0726AB2C6F00D66978 /* DataManager.swift */,
				0A3B5E1426AB4F3500D66978 /* Segue.swift */,
			);
			path = Misc;
			sourceTree = "<group>";
		};
		0A3B5E0B26AB4E3D00D66978 /* RestaurantDetail */ = {
			isa = PBXGroup;
			children = (
				0A3B5E0E26AB4EA200D66978 /* RestaurantDetail.storyboard */,
				0A3B5E1626AB508500D66978 /* RestaurantDetailViewController.swift */,
			);
			path = RestaurantDetail;
			sourceTree = "<group>";
		};
		0A3B5E0C26AB4E6000D66978 /* ReviewForm */ = {
			isa = PBXGroup;
			children = (
				0A3B5E1226AB4ECD00D66978 /* ReviewForm.storyboard */,
			);
			path = ReviewForm;
			sourceTree = "<group>";
		};
		0A3B5E0D26AB4E6900D66978 /* PhotoFilter */ = {
			isa = PBXGroup;
			children = (
				0A3B5E1026AB4EC100D66978 /* PhotoFilter.storyboard */,
			);
			path = PhotoFilter;
			sourceTree = "<group>";
		};
		0A544E2326A81BD500EB50F8 = {
			isa = PBXGroup;
			children = (
				0A544E2E26A81BD500EB50F8 /* LetsEat */,
				0A544E2D26A81BD500EB50F8 /* Products */,
			);
			sourceTree = "<group>";
		};
		0A544E2D26A81BD500EB50F8 /* Products */ = {
			isa = PBXGroup;
			children = (
				0A544E2C26A81BD500EB50F8 /* LetsEat.app */,
			);
			name = Products;
			sourceTree = "<group>";
		};
		0A544E2E26A81BD500EB50F8 /* LetsEat */ = {
			isa = PBXGroup;
			children = (
				0A3B5E0D26AB4E6900D66978 /* PhotoFilter */,
				0A3B5E0C26AB4E6000D66978 /* ReviewForm */,
				0A3B5E0B26AB4E3D00D66978 /* RestaurantDetail */,
				0A3B5E0626AB2C5D00D66978 /* Misc */,
				0A3B5DFE26AB090400D66978 /* Map */,
				0A544E5926A8823000EB50F8 /* Location */,
				0A544E4C26A8356200EB50F8 /* Restaurants */,
				0A544E4926A81FAC00EB50F8 /* Explore */,
				0A544E2F26A81BD500EB50F8 /* AppDelegate.swift */,
				0A544E3126A81BD500EB50F8 /* SceneDelegate.swift */,
				0A544E4326A81C4700EB50F8 /* Main.storyboard */,
				0A544E4526A81CB000EB50F8 /* Assets.xcassets */,
				0A544E4726A81CF400EB50F8 /* LaunchScreen.storyboard */,
				0A544E3D26A81BD600EB50F8 /* Info.plist */,
			);
			path = LetsEat;
			sourceTree = "<group>";
		};
		0A544E4926A81FAC00EB50F8 /* Explore */ = {
			isa = PBXGroup;
			children = (
				0A544E5626A85E3300EB50F8 /* View */,
				0A544E4F26A8532F00EB50F8 /* Model */,
				0A544E4A26A81FCD00EB50F8 /* ExploreViewController.swift */,
			);
			path = Explore;
			sourceTree = "<group>";
		};
		0A544E4C26A8356200EB50F8 /* Restaurants */ = {
			isa = PBXGroup;
			children = (
				0A1366D326ACA8AE004918B5 /* Model */,
				0A544E4D26A8359300EB50F8 /* RestaurantListViewController.swift */,
			);
			path = Restaurants;
			sourceTree = "<group>";
		};
		0A544E4F26A8532F00EB50F8 /* Model */ = {
			isa = PBXGroup;
			children = (
				0A544E5026A8536500EB50F8 /* ExploreData.plist */,
				0A544E5226A853EF00EB50F8 /* ExploreItem.swift */,
				0A544E5426A85A2400EB50F8 /* ExploreDataManager.swift */,
			);
			path = Model;
			sourceTree = "<group>";
		};
		0A544E5626A85E3300EB50F8 /* View */ = {
			isa = PBXGroup;
			children = (
				0A544E5726A85E6200EB50F8 /* ExploreCell.swift */,
			);
			path = View;
			sourceTree = "<group>";
		};
		0A544E5926A8823000EB50F8 /* Location */ = {
			isa = PBXGroup;
			children = (
				0A544E5B26A8824F00EB50F8 /* View */,
				0A544E5A26A8824600EB50F8 /* Model */,
			);
			path = Location;
			sourceTree = "<group>";
		};
		0A544E5A26A8824600EB50F8 /* Model */ = {
			isa = PBXGroup;
			children = (
				0A544E6026A8852000EB50F8 /* Locations.plist */,
				0A544E6226A8856000EB50F8 /* LocationDataManager.swift */,
			);
			path = Model;
			sourceTree = "<group>";
		};
		0A544E5B26A8824F00EB50F8 /* View */ = {
			isa = PBXGroup;
			children = (
				0A544E5C26A8827300EB50F8 /* LocationViewController.swift */,
			);
			path = View;
			sourceTree = "<group>";
		};
/* End PBXGroup section */

/* Begin PBXNativeTarget section */
		0A544E2B26A81BD500EB50F8 /* LetsEat */ = {
			isa = PBXNativeTarget;
			buildConfigurationList = 0A544E4026A81BD600EB50F8 /* Build configuration list for PBXNativeTarget "LetsEat" */;
			buildPhases = (
				0A544E2826A81BD500EB50F8 /* Sources */,
				0A544E2926A81BD500EB50F8 /* Frameworks */,
				0A544E2A26A81BD500EB50F8 /* Resources */,
			);
			buildRules = (
			);
			dependencies = (
			);
			name = LetsEat;
			productName = LetsEat;
			productReference = 0A544E2C26A81BD500EB50F8 /* LetsEat.app */;
			productType = "com.apple.product-type.application";
		};
/* End PBXNativeTarget section */

/* Begin PBXProject section */
		0A544E2426A81BD500EB50F8 /* Project object */ = {
			isa = PBXProject;
			attributes = {
				LastSwiftUpdateCheck = 1250;
				LastUpgradeCheck = 1250;
				TargetAttributes = {
					0A544E2B26A81BD500EB50F8 = {
						CreatedOnToolsVersion = 12.5;
					};
				};
			};
			buildConfigurationList = 0A544E2726A81BD500EB50F8 /* Build configuration list for PBXProject "LetsEat" */;
			compatibilityVersion = "Xcode 9.3";
			developmentRegion = en;
			hasScannedForEncodings = 0;
			knownRegions = (
				en,
				Base,
			);
			mainGroup = 0A544E2326A81BD500EB50F8;
			productRefGroup = 0A544E2D26A81BD500EB50F8 /* Products */;
			projectDirPath = "";
			projectRoot = "";
			targets = (
				0A544E2B26A81BD500EB50F8 /* LetsEat */,
			);
		};
/* End PBXProject section */

/* Begin PBXResourcesBuildPhase section */
		0A544E2A26A81BD500EB50F8 /* Resources */ = {
			isa = PBXResourcesBuildPhase;
			buildActionMask = 2147483647;
			files = (
				0A1366D226ACA696004918B5 /* San Antonio.json in Resources */,
				0A1366C726ACA696004918B5 /* New York.json in Resources */,
				0A544E5126A8536500EB50F8 /* ExploreData.plist in Resources */,
				0A544E4826A81CF400EB50F8 /* LaunchScreen.storyboard in Resources */,
				0A1366CD26ACA696004918B5 /* Los Angeles.json in Resources */,
				0A1366C626ACA696004918B5 /* Philadelphia.json in Resources */,
				0A1366CB26ACA696004918B5 /* Houston.json in Resources */,
				0A544E4426A81C4700EB50F8 /* Main.storyboard in Resources */,
				0A1366C826ACA696004918B5 /* Charleston.json in Resources */,
				0A1366C526ACA696004918B5 /* Aspen.json in Resources */,
				0A3B5E1326AB4ECD00D66978 /* ReviewForm.storyboard in Resources */,
				0A544E6126A8852000EB50F8 /* Locations.plist in Resources */,
				0A1366D126ACA696004918B5 /* Portland.json in Resources */,
				0A3B5E0F26AB4EA200D66978 /* RestaurantDetail.storyboard in Resources */,
				0A3B5E1126AB4EC100D66978 /* PhotoFilter.storyboard in Resources */,
				0A3B5E0126AB09B200D66978 /* MapLocations.plist in Resources */,
				0A1366C926ACA696004918B5 /* Las Vegas.json in Resources */,
				0A1366CC26ACA696004918B5 /* New Orleans.json in Resources */,
				0A544E4626A81CB000EB50F8 /* Assets.xcassets in Resources */,
				0A1366CE26ACA696004918B5 /* San Francisco.json in Resources */,
				0A1366D026ACA696004918B5 /* Boston.json in Resources */,
				0A1366CA26ACA696004918B5 /* Chicago.json in Resources */,
				0A1366CF26ACA696004918B5 /* Miami.json in Resources */,
			);
			runOnlyForDeploymentPostprocessing = 0;
		};
/* End PBXResourcesBuildPhase section */

/* Begin PBXSourcesBuildPhase section */
		0A544E2826A81BD500EB50F8 /* Sources */ = {
			isa = PBXSourcesBuildPhase;
			buildActionMask = 2147483647;
			files = (
				0A544E5326A853EF00EB50F8 /* ExploreItem.swift in Sources */,
				0A3B5E0826AB2C6F00D66978 /* DataManager.swift in Sources */,
				0A3B5E0526AB289C00D66978 /* MapDataManager.swift in Sources */,
				0A544E3026A81BD500EB50F8 /* AppDelegate.swift in Sources */,
				0A1366D526ACA8D2004918B5 /* RestaurantDataManager.swift in Sources */,
				0A544E4E26A8359300EB50F8 /* RestaurantListViewController.swift in Sources */,
				0A3B5E1526AB4F3500D66978 /* Segue.swift in Sources */,
				0A544E3226A81BD500EB50F8 /* SceneDelegate.swift in Sources */,
				0A3B5E1726AB508500D66978 /* RestaurantDetailViewController.swift in Sources */,
				0A3B5E0A26AB2FA600D66978 /* MapViewController.swift in Sources */,
				0A544E4B26A81FCD00EB50F8 /* ExploreViewController.swift in Sources */,
				0A544E5526A85A2400EB50F8 /* ExploreDataManager.swift in Sources */,
				0A544E5826A85E6200EB50F8 /* ExploreCell.swift in Sources */,
				0A3B5E0326AB09EA00D66978 /* RestaurantItem.swift in Sources */,
				0A544E6326A8856000EB50F8 /* LocationDataManager.swift in Sources */,
				0A544E5D26A8827300EB50F8 /* LocationViewController.swift in Sources */,
			);
			runOnlyForDeploymentPostprocessing = 0;
		};
/* End PBXSourcesBuildPhase section */

/* Begin XCBuildConfiguration section */
		0A544E3E26A81BD600EB50F8 /* Debug */ = {
			isa = XCBuildConfiguration;
			buildSettings = {
				ALWAYS_SEARCH_USER_PATHS = NO;
				CLANG_ANALYZER_NONNULL = YES;
				CLANG_ANALYZER_NUMBER_OBJECT_CONVERSION = YES_AGGRESSIVE;
				CLANG_CXX_LANGUAGE_STANDARD = "gnu++14";
				CLANG_CXX_LIBRARY = "libc++";
				CLANG_ENABLE_MODULES = YES;
				CLANG_ENABLE_OBJC_ARC = YES;
				CLANG_ENABLE_OBJC_WEAK = YES;
				CLANG_WARN_BLOCK_CAPTURE_AUTORELEASING = YES;
				CLANG_WARN_BOOL_CONVERSION = YES;
				CLANG_WARN_COMMA = YES;
				CLANG_WARN_CONSTANT_CONVERSION = YES;
				CLANG_WARN_DEPRECATED_OBJC_IMPLEMENTATIONS = YES;
				CLANG_WARN_DIRECT_OBJC_ISA_USAGE = YES_ERROR;
				CLANG_WARN_DOCUMENTATION_COMMENTS = YES;
				CLANG_WARN_EMPTY_BODY = YES;
				CLANG_WARN_ENUM_CONVERSION = YES;
				CLANG_WARN_INFINITE_RECURSION = YES;
				CLANG_WARN_INT_CONVERSION = YES;
				CLANG_WARN_NON_LITERAL_NULL_CONVERSION = YES;
				CLANG_WARN_OBJC_IMPLICIT_RETAIN_SELF = YES;
				CLANG_WARN_OBJC_LITERAL_CONVERSION = YES;
				CLANG_WARN_OBJC_ROOT_CLASS = YES_ERROR;
				CLANG_WARN_QUOTED_INCLUDE_IN_FRAMEWORK_HEADER = YES;
				CLANG_WARN_RANGE_LOOP_ANALYSIS = YES;
				CLANG_WARN_STRICT_PROTOTYPES = YES;
				CLANG_WARN_SUSPICIOUS_MOVE = YES;
				CLANG_WARN_UNGUARDED_AVAILABILITY = YES_AGGRESSIVE;
				CLANG_WARN_UNREACHABLE_CODE = YES;
				CLANG_WARN__DUPLICATE_METHOD_MATCH = YES;
				COPY_PHASE_STRIP = NO;
				DEBUG_INFORMATION_FORMAT = dwarf;
				ENABLE_STRICT_OBJC_MSGSEND = YES;
				ENABLE_TESTABILITY = YES;
				GCC_C_LANGUAGE_STANDARD = gnu11;
				GCC_DYNAMIC_NO_PIC = NO;
				GCC_NO_COMMON_BLOCKS = YES;
				GCC_OPTIMIZATION_LEVEL = 0;
				GCC_PREPROCESSOR_DEFINITIONS = (
					"DEBUG=1",
					"$(inherited)",
				);
				GCC_WARN_64_TO_32_BIT_CONVERSION = YES;
				GCC_WARN_ABOUT_RETURN_TYPE = YES_ERROR;
				GCC_WARN_UNDECLARED_SELECTOR = YES;
				GCC_WARN_UNINITIALIZED_AUTOS = YES_AGGRESSIVE;
				GCC_WARN_UNUSED_FUNCTION = YES;
				GCC_WARN_UNUSED_VARIABLE = YES;
				IPHONEOS_DEPLOYMENT_TARGET = 14.5;
				MTL_ENABLE_DEBUG_INFO = INCLUDE_SOURCE;
				MTL_FAST_MATH = YES;
				ONLY_ACTIVE_ARCH = YES;
				SDKROOT = iphoneos;
				SWIFT_ACTIVE_COMPILATION_CONDITIONS = DEBUG;
				SWIFT_OPTIMIZATION_LEVEL = "-Onone";
			};
			name = Debug;
		};
		0A544E3F26A81BD600EB50F8 /* Release */ = {
			isa = XCBuildConfiguration;
			buildSettings = {
				ALWAYS_SEARCH_USER_PATHS = NO;
				CLANG_ANALYZER_NONNULL = YES;
				CLANG_ANALYZER_NUMBER_OBJECT_CONVERSION = YES_AGGRESSIVE;
				CLANG_CXX_LANGUAGE_STANDARD = "gnu++14";
				CLANG_CXX_LIBRARY = "libc++";
				CLANG_ENABLE_MODULES = YES;
				CLANG_ENABLE_OBJC_ARC = YES;
				CLANG_ENABLE_OBJC_WEAK = YES;
				CLANG_WARN_BLOCK_CAPTURE_AUTORELEASING = YES;
				CLANG_WARN_BOOL_CONVERSION = YES;
				CLANG_WARN_COMMA = YES;
				CLANG_WARN_CONSTANT_CONVERSION = YES;
				CLANG_WARN_DEPRECATED_OBJC_IMPLEMENTATIONS = YES;
				CLANG_WARN_DIRECT_OBJC_ISA_USAGE = YES_ERROR;
				CLANG_WARN_DOCUMENTATION_COMMENTS = YES;
				CLANG_WARN_EMPTY_BODY = YES;
				CLANG_WARN_ENUM_CONVERSION = YES;
				CLANG_WARN_INFINITE_RECURSION = YES;
				CLANG_WARN_INT_CONVERSION = YES;
				CLANG_WARN_NON_LITERAL_NULL_CONVERSION = YES;
				CLANG_WARN_OBJC_IMPLICIT_RETAIN_SELF = YES;
				CLANG_WARN_OBJC_LITERAL_CONVERSION = YES;
				CLANG_WARN_OBJC_ROOT_CLASS = YES_ERROR;
				CLANG_WARN_QUOTED_INCLUDE_IN_FRAMEWORK_HEADER = YES;
				CLANG_WARN_RANGE_LOOP_ANALYSIS = YES;
				CLANG_WARN_STRICT_PROTOTYPES = YES;
				CLANG_WARN_SUSPICIOUS_MOVE = YES;
				CLANG_WARN_UNGUARDED_AVAILABILITY = YES_AGGRESSIVE;
				CLANG_WARN_UNREACHABLE_CODE = YES;
				CLANG_WARN__DUPLICATE_METHOD_MATCH = YES;
				COPY_PHASE_STRIP = NO;
				DEBUG_INFORMATION_FORMAT = "dwarf-with-dsym";
				ENABLE_NS_ASSERTIONS = NO;
				ENABLE_STRICT_OBJC_MSGSEND = YES;
				GCC_C_LANGUAGE_STANDARD = gnu11;
				GCC_NO_COMMON_BLOCKS = YES;
				GCC_WARN_64_TO_32_BIT_CONVERSION = YES;
				GCC_WARN_ABOUT_RETURN_TYPE = YES_ERROR;
				GCC_WARN_UNDECLARED_SELECTOR = YES;
				GCC_WARN_UNINITIALIZED_AUTOS = YES_AGGRESSIVE;
				GCC_WARN_UNUSED_FUNCTION = YES;
				GCC_WARN_UNUSED_VARIABLE = YES;
				IPHONEOS_DEPLOYMENT_TARGET = 14.5;
				MTL_ENABLE_DEBUG_INFO = NO;
				MTL_FAST_MATH = YES;
				SDKROOT = iphoneos;
				SWIFT_COMPILATION_MODE = wholemodule;
				SWIFT_OPTIMIZATION_LEVEL = "-O";
				VALIDATE_PRODUCT = YES;
			};
			name = Release;
		};
		0A544E4126A81BD600EB50F8 /* Debug */ = {
			isa = XCBuildConfiguration;
			buildSettings = {
				ASSETCATALOG_COMPILER_APPICON_NAME = AppIcon;
				ASSETCATALOG_COMPILER_GLOBAL_ACCENT_COLOR_NAME = AccentColor;
				CODE_SIGN_STYLE = Automatic;
				INFOPLIST_FILE = LetsEat/Info.plist;
				LD_RUNPATH_SEARCH_PATHS = (
					"$(inherited)",
					"@executable_path/Frameworks",
				);
				PRODUCT_BUNDLE_IDENTIFIER = dm.LetsEat;
				PRODUCT_NAME = "$(TARGET_NAME)";
				SWIFT_VERSION = 5.0;
				TARGETED_DEVICE_FAMILY = "1,2";
			};
			name = Debug;
		};
		0A544E4226A81BD600EB50F8 /* Release */ = {
			isa = XCBuildConfiguration;
			buildSettings = {
				ASSETCATALOG_COMPILER_APPICON_NAME = AppIcon;
				ASSETCATALOG_COMPILER_GLOBAL_ACCENT_COLOR_NAME = AccentColor;
				CODE_SIGN_STYLE = Automatic;
				INFOPLIST_FILE = LetsEat/Info.plist;
				LD_RUNPATH_SEARCH_PATHS = (
					"$(inherited)",
					"@executable_path/Frameworks",
				);
				PRODUCT_BUNDLE_IDENTIFIER = dm.LetsEat;
				PRODUCT_NAME = "$(TARGET_NAME)";
				SWIFT_VERSION = 5.0;
				TARGETED_DEVICE_FAMILY = "1,2";
			};
			name = Release;
		};
/* End XCBuildConfiguration section */

/* Begin XCConfigurationList section */
		0A544E2726A81BD500EB50F8 /* Build configuration list for PBXProject "LetsEat" */ = {
			isa = XCConfigurationList;
			buildConfigurations = (
				0A544E3E26A81BD600EB50F8 /* Debug */,
				0A544E3F26A81BD600EB50F8 /* Release */,
			);
			defaultConfigurationIsVisible = 0;
			defaultConfigurationName = Release;
		};
		0A544E4026A81BD600EB50F8 /* Build configuration list for PBXNativeTarget "LetsEat" */ = {
			isa = XCConfigurationList;
			buildConfigurations = (
				0A544E4126A81BD600EB50F8 /* Debug */,
				0A544E4226A81BD600EB50F8 /* Release */,
			);
			defaultConfigurationIsVisible = 0;
			defaultConfigurationName = Release;
		};
/* End XCConfigurationList section */
	};
	rootObject = 0A544E2426A81BD500EB50F8 /* Project object */;
}
